// !$*UTF8*$!
{
	archiveVersion = 1;
	classes = {
	};
	objectVersion = 46;
	objects = {

/* Begin PBXBuildFile section */
		E4AE1F1719F775A7003C90B9 /* LoginViewController.m in Sources */ = {isa = PBXBuildFile; fileRef = E4AE1F1519F775A7003C90B9 /* LoginViewController.m */; };
		E4AE1F1819F775A7003C90B9 /* LoginViewController.xib in Resources */ = {isa = PBXBuildFile; fileRef = E4AE1F1619F775A7003C90B9 /* LoginViewController.xib */; };
		E4AE1F2319F78FC9003C90B9 /* MBProgressHUD.m in Sources */ = {isa = PBXBuildFile; fileRef = E4AE1F2219F78FC9003C90B9 /* MBProgressHUD.m */; };
		E4B2C90319F7621900B0E1DE /* main.m in Sources */ = {isa = PBXBuildFile; fileRef = E4B2C90219F7621900B0E1DE /* main.m */; };
		E4B2C90619F7621900B0E1DE /* AppDelegate.m in Sources */ = {isa = PBXBuildFile; fileRef = E4B2C90519F7621900B0E1DE /* AppDelegate.m */; };
		E4B2C90919F7621900B0E1DE /* ViewController.m in Sources */ = {isa = PBXBuildFile; fileRef = E4B2C90819F7621900B0E1DE /* ViewController.m */; };
		E4B2C90C19F7621900B0E1DE /* Main.storyboard in Resources */ = {isa = PBXBuildFile; fileRef = E4B2C90A19F7621900B0E1DE /* Main.storyboard */; };
		E4B2C90E19F7621900B0E1DE /* Images.xcassets in Resources */ = {isa = PBXBuildFile; fileRef = E4B2C90D19F7621900B0E1DE /* Images.xcassets */; };
		E4B2C91119F7621900B0E1DE /* LaunchScreen.xib in Resources */ = {isa = PBXBuildFile; fileRef = E4B2C90F19F7621900B0E1DE /* LaunchScreen.xib */; };
		E4B2C91D19F7621900B0E1DE /* hmjzTests.m in Sources */ = {isa = PBXBuildFile; fileRef = E4B2C91C19F7621900B0E1DE /* hmjzTests.m */; };
		E4C776FE19F88AAB00532B09 /* Default.png in Resources */ = {isa = PBXBuildFile; fileRef = E4C776F719F88AAB00532B09 /* Default.png */; };
		E4C776FF19F88AAB00532B09 /* Default@2x.png in Resources */ = {isa = PBXBuildFile; fileRef = E4C776F819F88AAB00532B09 /* Default@2x.png */; };
		E4C7770019F88AAB00532B09 /* ic_login_bg.png in Resources */ = {isa = PBXBuildFile; fileRef = E4C776F919F88AAB00532B09 /* ic_login_bg.png */; };
		E4C7770119F88AAB00532B09 /* ic_login_password.png in Resources */ = {isa = PBXBuildFile; fileRef = E4C776FA19F88AAB00532B09 /* ic_login_password.png */; };
		E4C7770219F88AAB00532B09 /* ic_login_pic.png in Resources */ = {isa = PBXBuildFile; fileRef = E4C776FB19F88AAB00532B09 /* ic_login_pic.png */; };
		E4C7770319F88AAB00532B09 /* ic_login_user.png in Resources */ = {isa = PBXBuildFile; fileRef = E4C776FC19F88AAB00532B09 /* ic_login_user.png */; };
		E4C7770419F88AAB00532B09 /* ic_login.png in Resources */ = {isa = PBXBuildFile; fileRef = E4C776FD19F88AAB00532B09 /* ic_login.png */; };
		E4C7772819F88B2D00532B09 /* SystemConfiguration.framework in Frameworks */ = {isa = PBXBuildFile; fileRef = E4C7772719F88B2D00532B09 /* SystemConfiguration.framework */; };
		E4C7772A19F88B4E00532B09 /* CFNetwork.framework in Frameworks */ = {isa = PBXBuildFile; fileRef = E4C7772919F88B4E00532B09 /* CFNetwork.framework */; };
		E4C7772C19F88B5B00532B09 /* Security.framework in Frameworks */ = {isa = PBXBuildFile; fileRef = E4C7772B19F88B5B00532B09 /* Security.framework */; };
		E4C7772F19F88BFC00532B09 /* ImageIO.framework in Frameworks */ = {isa = PBXBuildFile; fileRef = E4C7772E19F88BFC00532B09 /* ImageIO.framework */; };
		E4C7773219F8911900532B09 /* Foundation.framework in Frameworks */ = {isa = PBXBuildFile; fileRef = E4C7773119F8911900532B09 /* Foundation.framework */; };
		E4C7779119F8966800532B09 /* NSAlert+MKNetworkKitAdditions.m in Sources */ = {isa = PBXBuildFile; fileRef = E4C7777C19F8966800532B09 /* NSAlert+MKNetworkKitAdditions.m */; };
		E4C7779219F8966800532B09 /* NSData+MKBase64.m in Sources */ = {isa = PBXBuildFile; fileRef = E4C7777E19F8966800532B09 /* NSData+MKBase64.m */; };
		E4C7779319F8966800532B09 /* NSDate+RFC1123.m in Sources */ = {isa = PBXBuildFile; fileRef = E4C7778019F8966800532B09 /* NSDate+RFC1123.m */; };
		E4C7779419F8966800532B09 /* NSDictionary+RequestEncoding.m in Sources */ = {isa = PBXBuildFile; fileRef = E4C7778219F8966800532B09 /* NSDictionary+RequestEncoding.m */; };
		E4C7779519F8966800532B09 /* NSString+MKNetworkKitAdditions.m in Sources */ = {isa = PBXBuildFile; fileRef = E4C7778419F8966800532B09 /* NSString+MKNetworkKitAdditions.m */; };
		E4C7779619F8966800532B09 /* UIAlertView+MKNetworkKitAdditions.m in Sources */ = {isa = PBXBuildFile; fileRef = E4C7778619F8966800532B09 /* UIAlertView+MKNetworkKitAdditions.m */; };
		E4C7779719F8966800532B09 /* UIImageView+MKNetworkKitAdditions.m in Sources */ = {isa = PBXBuildFile; fileRef = E4C7778819F8966800532B09 /* UIImageView+MKNetworkKitAdditions.m */; };
		E4C7779819F8966800532B09 /* MKNetworkEngine.m in Sources */ = {isa = PBXBuildFile; fileRef = E4C7778A19F8966800532B09 /* MKNetworkEngine.m */; };
		E4C7779919F8966800532B09 /* MKNetworkOperation.m in Sources */ = {isa = PBXBuildFile; fileRef = E4C7778D19F8966800532B09 /* MKNetworkOperation.m */; };
		E4C7779A19F8966800532B09 /* Reachability.m in Sources */ = {isa = PBXBuildFile; fileRef = E4C7779019F8966800532B09 /* Reachability.m */; };
/* End PBXBuildFile section */

/* Begin PBXContainerItemProxy section */
		E4B2C91719F7621900B0E1DE /* PBXContainerItemProxy */ = {
			isa = PBXContainerItemProxy;
			containerPortal = E4B2C8F519F7621900B0E1DE /* Project object */;
			proxyType = 1;
			remoteGlobalIDString = E4B2C8FC19F7621900B0E1DE;
			remoteInfo = hmjz;
		};
/* End PBXContainerItemProxy section */

/* Begin PBXFileReference section */
		E4AE1F1419F775A7003C90B9 /* LoginViewController.h */ = {isa = PBXFileReference; fileEncoding = 4; lastKnownFileType = sourcecode.c.h; path = LoginViewController.h; sourceTree = "<group>"; };
		E4AE1F1519F775A7003C90B9 /* LoginViewController.m */ = {isa = PBXFileReference; fileEncoding = 4; lastKnownFileType = sourcecode.c.objc; path = LoginViewController.m; sourceTree = "<group>"; };
		E4AE1F1619F775A7003C90B9 /* LoginViewController.xib */ = {isa = PBXFileReference; fileEncoding = 4; lastKnownFileType = file.xib; path = LoginViewController.xib; sourceTree = "<group>"; };
		E4AE1F2119F78FC9003C90B9 /* MBProgressHUD.h */ = {isa = PBXFileReference; fileEncoding = 4; lastKnownFileType = sourcecode.c.h; path = MBProgressHUD.h; sourceTree = "<group>"; };
		E4AE1F2219F78FC9003C90B9 /* MBProgressHUD.m */ = {isa = PBXFileReference; fileEncoding = 4; lastKnownFileType = sourcecode.c.objc; path = MBProgressHUD.m; sourceTree = "<group>"; };
		E4B2C8FD19F7621900B0E1DE /* hmjz.app */ = {isa = PBXFileReference; explicitFileType = wrapper.application; includeInIndex = 0; path = hmjz.app; sourceTree = BUILT_PRODUCTS_DIR; };
		E4B2C90119F7621900B0E1DE /* Info.plist */ = {isa = PBXFileReference; lastKnownFileType = text.plist.xml; path = Info.plist; sourceTree = "<group>"; };
		E4B2C90219F7621900B0E1DE /* main.m */ = {isa = PBXFileReference; lastKnownFileType = sourcecode.c.objc; path = main.m; sourceTree = "<group>"; };
		E4B2C90419F7621900B0E1DE /* AppDelegate.h */ = {isa = PBXFileReference; lastKnownFileType = sourcecode.c.h; path = AppDelegate.h; sourceTree = "<group>"; };
		E4B2C90519F7621900B0E1DE /* AppDelegate.m */ = {isa = PBXFileReference; lastKnownFileType = sourcecode.c.objc; path = AppDelegate.m; sourceTree = "<group>"; };
		E4B2C90719F7621900B0E1DE /* ViewController.h */ = {isa = PBXFileReference; lastKnownFileType = sourcecode.c.h; path = ViewController.h; sourceTree = "<group>"; };
		E4B2C90819F7621900B0E1DE /* ViewController.m */ = {isa = PBXFileReference; lastKnownFileType = sourcecode.c.objc; path = ViewController.m; sourceTree = "<group>"; };
		E4B2C90B19F7621900B0E1DE /* Base */ = {isa = PBXFileReference; lastKnownFileType = file.storyboard; name = Base; path = Base.lproj/Main.storyboard; sourceTree = "<group>"; };
		E4B2C90D19F7621900B0E1DE /* Images.xcassets */ = {isa = PBXFileReference; lastKnownFileType = folder.assetcatalog; path = Images.xcassets; sourceTree = "<group>"; };
		E4B2C91019F7621900B0E1DE /* Base */ = {isa = PBXFileReference; lastKnownFileType = file.xib; name = Base; path = Base.lproj/LaunchScreen.xib; sourceTree = "<group>"; };
		E4B2C91619F7621900B0E1DE /* hmjzTests.xctest */ = {isa = PBXFileReference; explicitFileType = wrapper.cfbundle; includeInIndex = 0; path = hmjzTests.xctest; sourceTree = BUILT_PRODUCTS_DIR; };
		E4B2C91B19F7621900B0E1DE /* Info.plist */ = {isa = PBXFileReference; lastKnownFileType = text.plist.xml; path = Info.plist; sourceTree = "<group>"; };
		E4B2C91C19F7621900B0E1DE /* hmjzTests.m */ = {isa = PBXFileReference; lastKnownFileType = sourcecode.c.objc; path = hmjzTests.m; sourceTree = "<group>"; };
		E4C776F719F88AAB00532B09 /* Default.png */ = {isa = PBXFileReference; lastKnownFileType = image.png; name = Default.png; path = images/Default.png; sourceTree = "<group>"; };
		E4C776F819F88AAB00532B09 /* Default@2x.png */ = {isa = PBXFileReference; lastKnownFileType = image.png; name = "Default@2x.png"; path = "images/Default@2x.png"; sourceTree = "<group>"; };
		E4C776F919F88AAB00532B09 /* ic_login_bg.png */ = {isa = PBXFileReference; lastKnownFileType = image.png; name = ic_login_bg.png; path = images/ic_login_bg.png; sourceTree = "<group>"; };
		E4C776FA19F88AAB00532B09 /* ic_login_password.png */ = {isa = PBXFileReference; lastKnownFileType = image.png; name = ic_login_password.png; path = images/ic_login_password.png; sourceTree = "<group>"; };
		E4C776FB19F88AAB00532B09 /* ic_login_pic.png */ = {isa = PBXFileReference; lastKnownFileType = image.png; name = ic_login_pic.png; path = images/ic_login_pic.png; sourceTree = "<group>"; };
		E4C776FC19F88AAB00532B09 /* ic_login_user.png */ = {isa = PBXFileReference; lastKnownFileType = image.png; name = ic_login_user.png; path = images/ic_login_user.png; sourceTree = "<group>"; };
		E4C776FD19F88AAB00532B09 /* ic_login.png */ = {isa = PBXFileReference; lastKnownFileType = image.png; name = ic_login.png; path = images/ic_login.png; sourceTree = "<group>"; };
		E4C7772719F88B2D00532B09 /* SystemConfiguration.framework */ = {isa = PBXFileReference; lastKnownFileType = wrapper.framework; name = SystemConfiguration.framework; path = System/Library/Frameworks/SystemConfiguration.framework; sourceTree = SDKROOT; };
		E4C7772919F88B4E00532B09 /* CFNetwork.framework */ = {isa = PBXFileReference; lastKnownFileType = wrapper.framework; name = CFNetwork.framework; path = System/Library/Frameworks/CFNetwork.framework; sourceTree = SDKROOT; };
		E4C7772B19F88B5B00532B09 /* Security.framework */ = {isa = PBXFileReference; lastKnownFileType = wrapper.framework; name = Security.framework; path = System/Library/Frameworks/Security.framework; sourceTree = SDKROOT; };
		E4C7772E19F88BFC00532B09 /* ImageIO.framework */ = {isa = PBXFileReference; lastKnownFileType = wrapper.framework; name = ImageIO.framework; path = System/Library/Frameworks/ImageIO.framework; sourceTree = SDKROOT; };
		E4C7773019F88CEB00532B09 /* hmjz.pch */ = {isa = PBXFileReference; lastKnownFileType = sourcecode.c.h; path = hmjz.pch; sourceTree = "<group>"; };
		E4C7773119F8911900532B09 /* Foundation.framework */ = {isa = PBXFileReference; lastKnownFileType = wrapper.framework; name = Foundation.framework; path = System/Library/Frameworks/Foundation.framework; sourceTree = SDKROOT; };
		E4C7777B19F8966800532B09 /* NSAlert+MKNetworkKitAdditions.h */ = {isa = PBXFileReference; fileEncoding = 4; lastKnownFileType = sourcecode.c.h; path = "NSAlert+MKNetworkKitAdditions.h"; sourceTree = "<group>"; };
		E4C7777C19F8966800532B09 /* NSAlert+MKNetworkKitAdditions.m */ = {isa = PBXFileReference; fileEncoding = 4; lastKnownFileType = sourcecode.c.objc; path = "NSAlert+MKNetworkKitAdditions.m"; sourceTree = "<group>"; };
		E4C7777D19F8966800532B09 /* NSData+MKBase64.h */ = {isa = PBXFileReference; fileEncoding = 4; lastKnownFileType = sourcecode.c.h; path = "NSData+MKBase64.h"; sourceTree = "<group>"; };
		E4C7777E19F8966800532B09 /* NSData+MKBase64.m */ = {isa = PBXFileReference; fileEncoding = 4; lastKnownFileType = sourcecode.c.objc; path = "NSData+MKBase64.m"; sourceTree = "<group>"; };
		E4C7777F19F8966800532B09 /* NSDate+RFC1123.h */ = {isa = PBXFileReference; fileEncoding = 4; lastKnownFileType = sourcecode.c.h; path = "NSDate+RFC1123.h"; sourceTree = "<group>"; };
		E4C7778019F8966800532B09 /* NSDate+RFC1123.m */ = {isa = PBXFileReference; fileEncoding = 4; lastKnownFileType = sourcecode.c.objc; path = "NSDate+RFC1123.m"; sourceTree = "<group>"; };
		E4C7778119F8966800532B09 /* NSDictionary+RequestEncoding.h */ = {isa = PBXFileReference; fileEncoding = 4; lastKnownFileType = sourcecode.c.h; path = "NSDictionary+RequestEncoding.h"; sourceTree = "<group>"; };
		E4C7778219F8966800532B09 /* NSDictionary+RequestEncoding.m */ = {isa = PBXFileReference; fileEncoding = 4; lastKnownFileType = sourcecode.c.objc; path = "NSDictionary+RequestEncoding.m"; sourceTree = "<group>"; };
		E4C7778319F8966800532B09 /* NSString+MKNetworkKitAdditions.h */ = {isa = PBXFileReference; fileEncoding = 4; lastKnownFileType = sourcecode.c.h; path = "NSString+MKNetworkKitAdditions.h"; sourceTree = "<group>"; };
		E4C7778419F8966800532B09 /* NSString+MKNetworkKitAdditions.m */ = {isa = PBXFileReference; fileEncoding = 4; lastKnownFileType = sourcecode.c.objc; path = "NSString+MKNetworkKitAdditions.m"; sourceTree = "<group>"; };
		E4C7778519F8966800532B09 /* UIAlertView+MKNetworkKitAdditions.h */ = {isa = PBXFileReference; fileEncoding = 4; lastKnownFileType = sourcecode.c.h; path = "UIAlertView+MKNetworkKitAdditions.h"; sourceTree = "<group>"; };
		E4C7778619F8966800532B09 /* UIAlertView+MKNetworkKitAdditions.m */ = {isa = PBXFileReference; fileEncoding = 4; lastKnownFileType = sourcecode.c.objc; path = "UIAlertView+MKNetworkKitAdditions.m"; sourceTree = "<group>"; };
		E4C7778719F8966800532B09 /* UIImageView+MKNetworkKitAdditions.h */ = {isa = PBXFileReference; fileEncoding = 4; lastKnownFileType = sourcecode.c.h; path = "UIImageView+MKNetworkKitAdditions.h"; sourceTree = "<group>"; };
		E4C7778819F8966800532B09 /* UIImageView+MKNetworkKitAdditions.m */ = {isa = PBXFileReference; fileEncoding = 4; lastKnownFileType = sourcecode.c.objc; path = "UIImageView+MKNetworkKitAdditions.m"; sourceTree = "<group>"; };
		E4C7778919F8966800532B09 /* MKNetworkEngine.h */ = {isa = PBXFileReference; fileEncoding = 4; lastKnownFileType = sourcecode.c.h; path = MKNetworkEngine.h; sourceTree = "<group>"; };
		E4C7778A19F8966800532B09 /* MKNetworkEngine.m */ = {isa = PBXFileReference; fileEncoding = 4; lastKnownFileType = sourcecode.c.objc; path = MKNetworkEngine.m; sourceTree = "<group>"; };
		E4C7778B19F8966800532B09 /* MKNetworkKit.h */ = {isa = PBXFileReference; fileEncoding = 4; lastKnownFileType = sourcecode.c.h; path = MKNetworkKit.h; sourceTree = "<group>"; };
		E4C7778C19F8966800532B09 /* MKNetworkOperation.h */ = {isa = PBXFileReference; fileEncoding = 4; lastKnownFileType = sourcecode.c.h; path = MKNetworkOperation.h; sourceTree = "<group>"; };
		E4C7778D19F8966800532B09 /* MKNetworkOperation.m */ = {isa = PBXFileReference; fileEncoding = 4; lastKnownFileType = sourcecode.c.objc; path = MKNetworkOperation.m; sourceTree = "<group>"; };
		E4C7778F19F8966800532B09 /* Reachability.h */ = {isa = PBXFileReference; fileEncoding = 4; lastKnownFileType = sourcecode.c.h; path = Reachability.h; sourceTree = "<group>"; };
		E4C7779019F8966800532B09 /* Reachability.m */ = {isa = PBXFileReference; fileEncoding = 4; lastKnownFileType = sourcecode.c.objc; path = Reachability.m; sourceTree = "<group>"; };
/* End PBXFileReference section */

/* Begin PBXFrameworksBuildPhase section */
		E4B2C8FA19F7621900B0E1DE /* Frameworks */ = {
			isa = PBXFrameworksBuildPhase;
			buildActionMask = 2147483647;
			files = (
				E4C7773219F8911900532B09 /* Foundation.framework in Frameworks */,
				E4C7772F19F88BFC00532B09 /* ImageIO.framework in Frameworks */,
				E4C7772C19F88B5B00532B09 /* Security.framework in Frameworks */,
				E4C7772A19F88B4E00532B09 /* CFNetwork.framework in Frameworks */,
				E4C7772819F88B2D00532B09 /* SystemConfiguration.framework in Frameworks */,
			);
			runOnlyForDeploymentPostprocessing = 0;
		};
		E4B2C91319F7621900B0E1DE /* Frameworks */ = {
			isa = PBXFrameworksBuildPhase;
			buildActionMask = 2147483647;
			files = (
			);
			runOnlyForDeploymentPostprocessing = 0;
		};
/* End PBXFrameworksBuildPhase section */

/* Begin PBXGroup section */
		E4B2C8F419F7621900B0E1DE = {
			isa = PBXGroup;
			children = (
				E4B2C8FF19F7621900B0E1DE /* hmjz */,
				E4B2C91919F7621900B0E1DE /* hmjzTests */,
				E4C7772D19F88B8B00532B09 /* Frameworks */,
				E4B2C8FE19F7621900B0E1DE /* Products */,
			);
			sourceTree = "<group>";
		};
		E4B2C8FE19F7621900B0E1DE /* Products */ = {
			isa = PBXGroup;
			children = (
				E4B2C8FD19F7621900B0E1DE /* hmjz.app */,
				E4B2C91619F7621900B0E1DE /* hmjzTests.xctest */,
			);
			name = Products;
			sourceTree = "<group>";
		};
		E4B2C8FF19F7621900B0E1DE /* hmjz */ = {
			isa = PBXGroup;
			children = (
				E4C7777919F8966800532B09 /* MKNetworkKit */,
				E4B2C90419F7621900B0E1DE /* AppDelegate.h */,
				E4B2C90519F7621900B0E1DE /* AppDelegate.m */,
				E4B2C90719F7621900B0E1DE /* ViewController.h */,
				E4B2C90819F7621900B0E1DE /* ViewController.m */,
				E4B2C90A19F7621900B0E1DE /* Main.storyboard */,
				E4B2C90D19F7621900B0E1DE /* Images.xcassets */,
				E4B2C90F19F7621900B0E1DE /* LaunchScreen.xib */,
				E4B2C90019F7621900B0E1DE /* Supporting Files */,
				E4AE1F1419F775A7003C90B9 /* LoginViewController.h */,
				E4AE1F1519F775A7003C90B9 /* LoginViewController.m */,
				E4AE1F1619F775A7003C90B9 /* LoginViewController.xib */,
				E4AE1F2119F78FC9003C90B9 /* MBProgressHUD.h */,
				E4AE1F2219F78FC9003C90B9 /* MBProgressHUD.m */,
			);
			path = hmjz;
			sourceTree = "<group>";
		};
		E4B2C90019F7621900B0E1DE /* Supporting Files */ = {
			isa = PBXGroup;
			children = (
				E4B2C92619F7641500B0E1DE /* images */,
				E4B2C90119F7621900B0E1DE /* Info.plist */,
				E4B2C90219F7621900B0E1DE /* main.m */,
				E4C7773019F88CEB00532B09 /* hmjz.pch */,
			);
			name = "Supporting Files";
			sourceTree = "<group>";
		};
		E4B2C91919F7621900B0E1DE /* hmjzTests */ = {
			isa = PBXGroup;
			children = (
				E4B2C91C19F7621900B0E1DE /* hmjzTests.m */,
				E4B2C91A19F7621900B0E1DE /* Supporting Files */,
			);
			path = hmjzTests;
			sourceTree = "<group>";
		};
		E4B2C91A19F7621900B0E1DE /* Supporting Files */ = {
			isa = PBXGroup;
			children = (
				E4B2C91B19F7621900B0E1DE /* Info.plist */,
			);
			name = "Supporting Files";
			sourceTree = "<group>";
		};
		E4B2C92619F7641500B0E1DE /* images */ = {
			isa = PBXGroup;
			children = (
				E4C776F719F88AAB00532B09 /* Default.png */,
				E4C776F819F88AAB00532B09 /* Default@2x.png */,
				E4C776F919F88AAB00532B09 /* ic_login_bg.png */,
				E4C776FA19F88AAB00532B09 /* ic_login_password.png */,
				E4C776FB19F88AAB00532B09 /* ic_login_pic.png */,
				E4C776FC19F88AAB00532B09 /* ic_login_user.png */,
				E4C776FD19F88AAB00532B09 /* ic_login.png */,
			);
			name = images;
			sourceTree = "<group>";
		};
		E4C7772D19F88B8B00532B09 /* Frameworks */ = {
			isa = PBXGroup;
			children = (
				E4C7773119F8911900532B09 /* Foundation.framework */,
				E4C7772E19F88BFC00532B09 /* ImageIO.framework */,
				E4C7772B19F88B5B00532B09 /* Security.framework */,
				E4C7772919F88B4E00532B09 /* CFNetwork.framework */,
				E4C7772719F88B2D00532B09 /* SystemConfiguration.framework */,
			);
			name = Frameworks;
			sourceTree = "<group>";
		};
		E4C7777919F8966800532B09 /* MKNetworkKit */ = {
			isa = PBXGroup;
			children = (
				E4C7777A19F8966800532B09 /* Categories */,
				E4C7778919F8966800532B09 /* MKNetworkEngine.h */,
				E4C7778A19F8966800532B09 /* MKNetworkEngine.m */,
				E4C7778B19F8966800532B09 /* MKNetworkKit.h */,
				E4C7778C19F8966800532B09 /* MKNetworkOperation.h */,
				E4C7778D19F8966800532B09 /* MKNetworkOperation.m */,
				E4C7778E19F8966800532B09 /* Reachability */,
			);
			path = MKNetworkKit;
			sourceTree = "<group>";
		};
		E4C7777A19F8966800532B09 /* Categories */ = {
			isa = PBXGroup;
			children = (
				E4C7777B19F8966800532B09 /* NSAlert+MKNetworkKitAdditions.h */,
				E4C7777C19F8966800532B09 /* NSAlert+MKNetworkKitAdditions.m */,
				E4C7777D19F8966800532B09 /* NSData+MKBase64.h */,
				E4C7777E19F8966800532B09 /* NSData+MKBase64.m */,
				E4C7777F19F8966800532B09 /* NSDate+RFC1123.h */,
				E4C7778019F8966800532B09 /* NSDate+RFC1123.m */,
				E4C7778119F8966800532B09 /* NSDictionary+RequestEncoding.h */,
				E4C7778219F8966800532B09 /* NSDictionary+RequestEncoding.m */,
				E4C7778319F8966800532B09 /* NSString+MKNetworkKitAdditions.h */,
				E4C7778419F8966800532B09 /* NSString+MKNetworkKitAdditions.m */,
				E4C7778519F8966800532B09 /* UIAlertView+MKNetworkKitAdditions.h */,
				E4C7778619F8966800532B09 /* UIAlertView+MKNetworkKitAdditions.m */,
				E4C7778719F8966800532B09 /* UIImageView+MKNetworkKitAdditions.h */,
				E4C7778819F8966800532B09 /* UIImageView+MKNetworkKitAdditions.m */,
			);
			path = Categories;
			sourceTree = "<group>";
		};
		E4C7778E19F8966800532B09 /* Reachability */ = {
			isa = PBXGroup;
			children = (
				E4C7778F19F8966800532B09 /* Reachability.h */,
				E4C7779019F8966800532B09 /* Reachability.m */,
			);
			path = Reachability;
			sourceTree = "<group>";
		};
/* End PBXGroup section */

/* Begin PBXNativeTarget section */
		E4B2C8FC19F7621900B0E1DE /* hmjz */ = {
			isa = PBXNativeTarget;
			buildConfigurationList = E4B2C92019F7621900B0E1DE /* Build configuration list for PBXNativeTarget "hmjz" */;
			buildPhases = (
				E4B2C8F919F7621900B0E1DE /* Sources */,
				E4B2C8FA19F7621900B0E1DE /* Frameworks */,
				E4B2C8FB19F7621900B0E1DE /* Resources */,
			);
			buildRules = (
			);
			dependencies = (
			);
			name = hmjz;
			productName = hmjz;
			productReference = E4B2C8FD19F7621900B0E1DE /* hmjz.app */;
			productType = "com.apple.product-type.application";
		};
		E4B2C91519F7621900B0E1DE /* hmjzTests */ = {
			isa = PBXNativeTarget;
			buildConfigurationList = E4B2C92319F7621900B0E1DE /* Build configuration list for PBXNativeTarget "hmjzTests" */;
			buildPhases = (
				E4B2C91219F7621900B0E1DE /* Sources */,
				E4B2C91319F7621900B0E1DE /* Frameworks */,
				E4B2C91419F7621900B0E1DE /* Resources */,
			);
			buildRules = (
			);
			dependencies = (
				E4B2C91819F7621900B0E1DE /* PBXTargetDependency */,
			);
			name = hmjzTests;
			productName = hmjzTests;
			productReference = E4B2C91619F7621900B0E1DE /* hmjzTests.xctest */;
			productType = "com.apple.product-type.bundle.unit-test";
		};
/* End PBXNativeTarget section */

/* Begin PBXProject section */
		E4B2C8F519F7621900B0E1DE /* Project object */ = {
			isa = PBXProject;
			attributes = {
				LastUpgradeCheck = 0610;
				ORGANIZATIONNAME = yons;
				TargetAttributes = {
					E4B2C8FC19F7621900B0E1DE = {
						CreatedOnToolsVersion = 6.1;
						DevelopmentTeam = 385K2MCGVE;
					};
					E4B2C91519F7621900B0E1DE = {
						CreatedOnToolsVersion = 6.1;
						TestTargetID = E4B2C8FC19F7621900B0E1DE;
					};
				};
			};
			buildConfigurationList = E4B2C8F819F7621900B0E1DE /* Build configuration list for PBXProject "hmjz" */;
			compatibilityVersion = "Xcode 3.2";
			developmentRegion = English;
			hasScannedForEncodings = 0;
			knownRegions = (
				en,
				Base,
			);
			mainGroup = E4B2C8F419F7621900B0E1DE;
			productRefGroup = E4B2C8FE19F7621900B0E1DE /* Products */;
			projectDirPath = "";
			projectRoot = "";
			targets = (
				E4B2C8FC19F7621900B0E1DE /* hmjz */,
				E4B2C91519F7621900B0E1DE /* hmjzTests */,
			);
		};
/* End PBXProject section */

/* Begin PBXResourcesBuildPhase section */
		E4B2C8FB19F7621900B0E1DE /* Resources */ = {
			isa = PBXResourcesBuildPhase;
			buildActionMask = 2147483647;
			files = (
				E4C7770319F88AAB00532B09 /* ic_login_user.png in Resources */,
				E4C7770419F88AAB00532B09 /* ic_login.png in Resources */,
				E4C776FF19F88AAB00532B09 /* Default@2x.png in Resources */,
				E4B2C90C19F7621900B0E1DE /* Main.storyboard in Resources */,
				E4B2C91119F7621900B0E1DE /* LaunchScreen.xib in Resources */,
				E4B2C90E19F7621900B0E1DE /* Images.xcassets in Resources */,
				E4C7770019F88AAB00532B09 /* ic_login_bg.png in Resources */,
				E4AE1F1819F775A7003C90B9 /* LoginViewController.xib in Resources */,
				E4C7770219F88AAB00532B09 /* ic_login_pic.png in Resources */,
				E4C7770119F88AAB00532B09 /* ic_login_password.png in Resources */,
				E4C776FE19F88AAB00532B09 /* Default.png in Resources */,
			);
			runOnlyForDeploymentPostprocessing = 0;
		};
		E4B2C91419F7621900B0E1DE /* Resources */ = {
			isa = PBXResourcesBuildPhase;
			buildActionMask = 2147483647;
			files = (
			);
			runOnlyForDeploymentPostprocessing = 0;
		};
/* End PBXResourcesBuildPhase section */

/* Begin PBXSourcesBuildPhase section */
		E4B2C8F919F7621900B0E1DE /* Sources */ = {
			isa = PBXSourcesBuildPhase;
			buildActionMask = 2147483647;
			files = (
				E4AE1F1719F775A7003C90B9 /* LoginViewController.m in Sources */,
				E4C7779419F8966800532B09 /* NSDictionary+RequestEncoding.m in Sources */,
				E4C7779819F8966800532B09 /* MKNetworkEngine.m in Sources */,
				E4C7779719F8966800532B09 /* UIImageView+MKNetworkKitAdditions.m in Sources */,
				E4C7779A19F8966800532B09 /* Reachability.m in Sources */,
				E4C7779619F8966800532B09 /* UIAlertView+MKNetworkKitAdditions.m in Sources */,
				E4B2C90919F7621900B0E1DE /* ViewController.m in Sources */,
				E4AE1F2319F78FC9003C90B9 /* MBProgressHUD.m in Sources */,
				E4C7779119F8966800532B09 /* NSAlert+MKNetworkKitAdditions.m in Sources */,
				E4B2C90619F7621900B0E1DE /* AppDelegate.m in Sources */,
				E4C7779219F8966800532B09 /* NSData+MKBase64.m in Sources */,
				E4C7779919F8966800532B09 /* MKNetworkOperation.m in Sources */,
				E4B2C90319F7621900B0E1DE /* main.m in Sources */,
				E4C7779519F8966800532B09 /* NSString+MKNetworkKitAdditions.m in Sources */,
				E4C7779319F8966800532B09 /* NSDate+RFC1123.m in Sources */,
			);
			runOnlyForDeploymentPostprocessing = 0;
		};
		E4B2C91219F7621900B0E1DE /* Sources */ = {
			isa = PBXSourcesBuildPhase;
			buildActionMask = 2147483647;
			files = (
				E4B2C91D19F7621900B0E1DE /* hmjzTests.m in Sources */,
			);
			runOnlyForDeploymentPostprocessing = 0;
		};
/* End PBXSourcesBuildPhase section */

/* Begin PBXTargetDependency section */
		E4B2C91819F7621900B0E1DE /* PBXTargetDependency */ = {
			isa = PBXTargetDependency;
			target = E4B2C8FC19F7621900B0E1DE /* hmjz */;
			targetProxy = E4B2C91719F7621900B0E1DE /* PBXContainerItemProxy */;
		};
/* End PBXTargetDependency section */

/* Begin PBXVariantGroup section */
		E4B2C90A19F7621900B0E1DE /* Main.storyboard */ = {
			isa = PBXVariantGroup;
			children = (
				E4B2C90B19F7621900B0E1DE /* Base */,
			);
			name = Main.storyboard;
			sourceTree = "<group>";
		};
		E4B2C90F19F7621900B0E1DE /* LaunchScreen.xib */ = {
			isa = PBXVariantGroup;
			children = (
				E4B2C91019F7621900B0E1DE /* Base */,
			);
			name = LaunchScreen.xib;
			sourceTree = "<group>";
		};
/* End PBXVariantGroup section */

/* Begin XCBuildConfiguration section */
		E4B2C91E19F7621900B0E1DE /* Debug */ = {
			isa = XCBuildConfiguration;
			buildSettings = {
				ALWAYS_SEARCH_USER_PATHS = NO;
				CLANG_CXX_LANGUAGE_STANDARD = "gnu++0x";
				CLANG_CXX_LIBRARY = "libc++";
				CLANG_ENABLE_MODULES = YES;
				CLANG_ENABLE_OBJC_ARC = YES;
				CLANG_WARN_BOOL_CONVERSION = YES;
				CLANG_WARN_CONSTANT_CONVERSION = YES;
				CLANG_WARN_DIRECT_OBJC_ISA_USAGE = YES_ERROR;
				CLANG_WARN_EMPTY_BODY = YES;
				CLANG_WARN_ENUM_CONVERSION = YES;
				CLANG_WARN_INT_CONVERSION = YES;
				CLANG_WARN_OBJC_ROOT_CLASS = YES_ERROR;
				CLANG_WARN_UNREACHABLE_CODE = YES;
				CLANG_WARN__DUPLICATE_METHOD_MATCH = YES;
				"CODE_SIGN_IDENTITY[sdk=iphoneos*]" = "iPhone Developer";
				COPY_PHASE_STRIP = NO;
				ENABLE_STRICT_OBJC_MSGSEND = YES;
				GCC_C_LANGUAGE_STANDARD = gnu99;
				GCC_DYNAMIC_NO_PIC = NO;
				GCC_OPTIMIZATION_LEVEL = 0;
				GCC_PREPROCESSOR_DEFINITIONS = (
					"DEBUG=1",
					"$(inherited)",
				);
				GCC_SYMBOLS_PRIVATE_EXTERN = NO;
				GCC_WARN_64_TO_32_BIT_CONVERSION = YES;
				GCC_WARN_ABOUT_RETURN_TYPE = YES_ERROR;
				GCC_WARN_UNDECLARED_SELECTOR = YES;
				GCC_WARN_UNINITIALIZED_AUTOS = YES_AGGRESSIVE;
				GCC_WARN_UNUSED_FUNCTION = YES;
				GCC_WARN_UNUSED_VARIABLE = YES;
				IPHONEOS_DEPLOYMENT_TARGET = 8.1;
				MTL_ENABLE_DEBUG_INFO = YES;
				ONLY_ACTIVE_ARCH = YES;
				SDKROOT = iphoneos;
			};
			name = Debug;
		};
		E4B2C91F19F7621900B0E1DE /* Release */ = {
			isa = XCBuildConfiguration;
			buildSettings = {
				ALWAYS_SEARCH_USER_PATHS = NO;
				CLANG_CXX_LANGUAGE_STANDARD = "gnu++0x";
				CLANG_CXX_LIBRARY = "libc++";
				CLANG_ENABLE_MODULES = YES;
				CLANG_ENABLE_OBJC_ARC = YES;
				CLANG_WARN_BOOL_CONVERSION = YES;
				CLANG_WARN_CONSTANT_CONVERSION = YES;
				CLANG_WARN_DIRECT_OBJC_ISA_USAGE = YES_ERROR;
				CLANG_WARN_EMPTY_BODY = YES;
				CLANG_WARN_ENUM_CONVERSION = YES;
				CLANG_WARN_INT_CONVERSION = YES;
				CLANG_WARN_OBJC_ROOT_CLASS = YES_ERROR;
				CLANG_WARN_UNREACHABLE_CODE = YES;
				CLANG_WARN__DUPLICATE_METHOD_MATCH = YES;
				"CODE_SIGN_IDENTITY[sdk=iphoneos*]" = "iPhone Developer";
				COPY_PHASE_STRIP = YES;
				ENABLE_NS_ASSERTIONS = NO;
				ENABLE_STRICT_OBJC_MSGSEND = YES;
				GCC_C_LANGUAGE_STANDARD = gnu99;
				GCC_WARN_64_TO_32_BIT_CONVERSION = YES;
				GCC_WARN_ABOUT_RETURN_TYPE = YES_ERROR;
				GCC_WARN_UNDECLARED_SELECTOR = YES;
				GCC_WARN_UNINITIALIZED_AUTOS = YES_AGGRESSIVE;
				GCC_WARN_UNUSED_FUNCTION = YES;
				GCC_WARN_UNUSED_VARIABLE = YES;
				IPHONEOS_DEPLOYMENT_TARGET = 8.1;
				MTL_ENABLE_DEBUG_INFO = NO;
				SDKROOT = iphoneos;
				VALIDATE_PRODUCT = YES;
			};
			name = Release;
		};
		E4B2C92119F7621900B0E1DE /* Debug */ = {
			isa = XCBuildConfiguration;
			buildSettings = {
				ASSETCATALOG_COMPILER_APPICON_NAME = AppIcon;
				ASSETCATALOG_COMPILER_LAUNCHIMAGE_NAME = LaunchImage;
				CODE_SIGN_IDENTITY = "iPhone Developer";
				"CODE_SIGN_IDENTITY[sdk=iphoneos*]" = "iPhone Developer";
				GCC_INCREASE_PRECOMPILED_HEADER_SHARING = NO;
				GCC_PRECOMPILE_PREFIX_HEADER = YES;
				GCC_PREFIX_HEADER = hmjz/hmjz.pch;
				INFOPLIST_FILE = hmjz/Info.plist;
				IPHONEOS_DEPLOYMENT_TARGET = 6.0;
				LD_RUNPATH_SEARCH_PATHS = "$(inherited) @executable_path/Frameworks";
				PRODUCT_NAME = "$(TARGET_NAME)";
				PROVISIONING_PROFILE = "";
			};
			name = Debug;
		};
		E4B2C92219F7621900B0E1DE /* Release */ = {
			isa = XCBuildConfiguration;
			buildSettings = {
				ASSETCATALOG_COMPILER_APPICON_NAME = AppIcon;
				ASSETCATALOG_COMPILER_LAUNCHIMAGE_NAME = LaunchImage;
				CODE_SIGN_IDENTITY = "iPhone Developer";
				"CODE_SIGN_IDENTITY[sdk=iphoneos*]" = "iPhone Developer";
				GCC_INCREASE_PRECOMPILED_HEADER_SHARING = NO;
				GCC_PRECOMPILE_PREFIX_HEADER = YES;
				GCC_PREFIX_HEADER = hmjz/hmjz.pch;
				INFOPLIST_FILE = hmjz/Info.plist;
				IPHONEOS_DEPLOYMENT_TARGET = 6.0;
				LD_RUNPATH_SEARCH_PATHS = "$(inherited) @executable_path/Frameworks";
				PRODUCT_NAME = "$(TARGET_NAME)";
				PROVISIONING_PROFILE = "";
			};
			name = Release;
		};
		E4B2C92419F7621900B0E1DE /* Debug */ = {
			isa = XCBuildConfiguration;
			buildSettings = {
				BUNDLE_LOADER = "$(TEST_HOST)";
				FRAMEWORK_SEARCH_PATHS = (
					"$(SDKROOT)/Developer/Library/Frameworks",
					"$(inherited)",
				);
				GCC_PREPROCESSOR_DEFINITIONS = (
					"DEBUG=1",
					"$(inherited)",
				);
				INFOPLIST_FILE = hmjzTests/Info.plist;
				LD_RUNPATH_SEARCH_PATHS = "$(inherited) @executable_path/Frameworks @loader_path/Frameworks";
				PRODUCT_NAME = "$(TARGET_NAME)";
				TEST_HOST = "$(BUILT_PRODUCTS_DIR)/hmjz.app/hmjz";
			};
			name = Debug;
		};
		E4B2C92519F7621900B0E1DE /* Release */ = {
			isa = XCBuildConfiguration;
			buildSettings = {
				BUNDLE_LOADER = "$(TEST_HOST)";
				FRAMEWORK_SEARCH_PATHS = (
					"$(SDKROOT)/Developer/Library/Frameworks",
					"$(inherited)",
				);
				INFOPLIST_FILE = hmjzTests/Info.plist;
				LD_RUNPATH_SEARCH_PATHS = "$(inherited) @executable_path/Frameworks @loader_path/Frameworks";
				PRODUCT_NAME = "$(TARGET_NAME)";
				TEST_HOST = "$(BUILT_PRODUCTS_DIR)/hmjz.app/hmjz";
			};
			name = Release;
		};
/* End XCBuildConfiguration section */

/* Begin XCConfigurationList section */
		E4B2C8F819F7621900B0E1DE /* Build configuration list for PBXProject "hmjz" */ = {
			isa = XCConfigurationList;
			buildConfigurations = (
				E4B2C91E19F7621900B0E1DE /* Debug */,
				E4B2C91F19F7621900B0E1DE /* Release */,
			);
			defaultConfigurationIsVisible = 0;
			defaultConfigurationName = Release;
		};
		E4B2C92019F7621900B0E1DE /* Build configuration list for PBXNativeTarget "hmjz" */ = {
			isa = XCConfigurationList;
			buildConfigurations = (
				E4B2C92119F7621900B0E1DE /* Debug */,
				E4B2C92219F7621900B0E1DE /* Release */,
			);
			defaultConfigurationIsVisible = 0;
			defaultConfigurationName = Release;
		};
		E4B2C92319F7621900B0E1DE /* Build configuration list for PBXNativeTarget "hmjzTests" */ = {
			isa = XCConfigurationList;
			buildConfigurations = (
				E4B2C92419F7621900B0E1DE /* Debug */,
				E4B2C92519F7621900B0E1DE /* Release */,
			);
			defaultConfigurationIsVisible = 0;
			defaultConfigurationName = Release;
		};
/* End XCConfigurationList section */
	};
	rootObject = E4B2C8F519F7621900B0E1DE /* Project object */;
}
